
Microsoft Visual Studio Solution File, Format Version 12.00
# Visual Studio Version 17
VisualStudioVersion = 17.10.35013.160
MinimumVisualStudioVersion = 10.0.40219.1
Project("{FAE04EC0-301F-11D3-BF4B-00C04F79EFBC}") = "encaps", "encaps\encaps.csproj", "{98CEC94C-FB49-4282-84E5-8FC34E1D59FD}"
EndProject
Global
	GlobalSection(SolutionConfigurationPlatforms) = preSolution
		Debug|Any CPU = Debug|Any CPU
		Release|Any CPU = Release|Any CPU
	EndGlobalSection
	GlobalSection(ProjectConfigurationPlatforms) = postSolution
		{98CEC94C-FB49-4282-84E5-8FC34E1D59FD}.Debug|Any CPU.ActiveCfg = Debug|Any CPU
		{98CEC94C-FB49-4282-84E5-8FC34E1D59FD}.Debug|Any CPU.Build.0 = Debug|Any CPU
		{98CEC94C-FB49-4282-84E5-8FC34E1D59FD}.Release|Any CPU.ActiveCfg = Release|Any CPU
		{98CEC94C-FB49-4282-84E5-8FC34E1D59FD}.Release|Any CPU.Build.0 = Release|Any CPU
	EndGlobalSection
	GlobalSection(SolutionProperties) = preSolution
		HideSolutionNode = FALSE
	EndGlobalSection
	GlobalSection(ExtensibilityGlobals) = postSolution
		SolutionGuid = {026B89D0-F6AD-4BD7-B68F-3998F8872302}
	EndGlobalSection
EndGlobal
